
Microsoft Visual Studio Solution File, Format Version 12.00
# Visual Studio Version 16
VisualStudioVersion = 16.0.32630.194
MinimumVisualStudioVersion = 10.0.40219.1
Project("{FAE04EC0-301F-11D3-BF4B-00C04F79EFBC}") = "Food-Order-System", "C:\Users\jithm\AppData\Local\Temp\a8c9ca35-55e2-48eb-929d-db43426707fa_2019ICTS86.zip.7fa\2019ICTS86\Food-Order-System\Food-Order-System\Food-Order-System.csproj", "{306F5283-EE41-467B-BEBC-63C752452B79}"
EndProject
Global
	GlobalSection(SolutionConfigurationPlatforms) = preSolution
		Debug|Any CPU = Debug|Any CPU
		Release|Any CPU = Release|Any CPU
	EndGlobalSection
	GlobalSection(ProjectConfigurationPlatforms) = postSolution
		{306F5283-EE41-467B-BEBC-63C752452B79}.Debug|Any CPU.ActiveCfg = Debug|Any CPU
		{306F5283-EE41-467B-BEBC-63C752452B79}.Debug|Any CPU.Build.0 = Debug|Any CPU
		{306F5283-EE41-467B-BEBC-63C752452B79}.Release|Any CPU.ActiveCfg = Release|Any CPU
		{306F5283-EE41-467B-BEBC-63C752452B79}.Release|Any CPU.Build.0 = Release|Any CPU
	EndGlobalSection
	GlobalSection(SolutionProperties) = preSolution
		HideSolutionNode = FALSE
	EndGlobalSection
	GlobalSection(ExtensibilityGlobals) = postSolution
		SolutionGuid = {3E6860F3-5135-4196-9811-824692AD1A79}
	EndGlobalSection
EndGlobal
